{
  "name": "base",
  "lockfileVersion": 3,
  "requires": true,
  "packages": {
    "": {
      "dependencies": {
        "typeit": "^8.8.3"
      }
    },
    "node_modules/@types/web-animations-js": {
      "version": "2.2.16",
      "resolved": "https://registry.npmjs.org/@types/web-animations-js/-/web-animations-js-2.2.16.tgz",
      "integrity": "sha512-ATELeWMFwj8eQiH0KmvsCl1V2lu/qx/CjOBmv4ADSZS5u8r4reMyjCXtxG7khqyiwH3IOMNdrON/Ugn94OUcRA=="
    },
    "node_modules/typeit": {
      "version": "8.8.3",
      "resolved": "https://registry.npmjs.org/typeit/-/typeit-8.8.3.tgz",
      "integrity": "sha512-K7nChkj6iyylUi713VBDULUXXLF0pfB6nFPVhNnXTKO2An7NzVz5fjoAHk2FAC3TFLiSnU+QsqhDmap17oBELw==",
      "hasInstallScript": true,
      "dependencies": {
        "@types/web-animations-js": "^2.2.16"
      }
    }
  }
}
